
Microsoft Visual Studio Solution File, Format Version 12.00
# Visual Studio Version 16
VisualStudioVersion = 16.0.29709.97
MinimumVisualStudioVersion = 10.0.40219.1
Project("{FAE04EC0-301F-11D3-BF4B-00C04F79EFBC}") = "Shape", "Shape\Shape.csproj", "{40480471-92D1-499F-9794-895743A730EE}"
EndProject
Global
	GlobalSection(SolutionConfigurationPlatforms) = preSolution
		Debug|Any CPU = Debug|Any CPU
		Release|Any CPU = Release|Any CPU
	EndGlobalSection
	GlobalSection(ProjectConfigurationPlatforms) = postSolution
		{40480471-92D1-499F-9794-895743A730EE}.Debug|Any CPU.ActiveCfg = Debug|Any CPU
		{40480471-92D1-499F-9794-895743A730EE}.Debug|Any CPU.Build.0 = Debug|Any CPU
		{40480471-92D1-499F-9794-895743A730EE}.Release|Any CPU.ActiveCfg = Release|Any CPU
		{40480471-92D1-499F-9794-895743A730EE}.Release|Any CPU.Build.0 = Release|Any CPU
	EndGlobalSection
	GlobalSection(SolutionProperties) = preSolution
		HideSolutionNode = FALSE
	EndGlobalSection
	GlobalSection(ExtensibilityGlobals) = postSolution
		SolutionGuid = {E715B96D-B3DD-4488-B4BC-EB87A0D355BB}
	EndGlobalSection
EndGlobal
