
Microsoft Visual Studio Solution File, Format Version 12.00
# Visual Studio 15
VisualStudioVersion = 15.0.28010.2016
MinimumVisualStudioVersion = 10.0.40219.1
Project("{FAE04EC0-301F-11D3-BF4B-00C04F79EFBC}") = "OrderApp", "OrderSerialize\OrderApp.csproj", "{CA98A8E0-9173-4C2A-8629-C3A8512286C5}"
EndProject
Project("{FAE04EC0-301F-11D3-BF4B-00C04F79EFBC}") = "OrderAppTests", "OrderSerializeTests\OrderAppTests.csproj", "{0BA5AC6B-E29A-4579-B269-37011B8B06FD}"
EndProject
Global
	GlobalSection(SolutionConfigurationPlatforms) = preSolution
		Debug|Any CPU = Debug|Any CPU
		Release|Any CPU = Release|Any CPU
	EndGlobalSection
	GlobalSection(ProjectConfigurationPlatforms) = postSolution
		{CA98A8E0-9173-4C2A-8629-C3A8512286C5}.Debug|Any CPU.ActiveCfg = Debug|Any CPU
		{CA98A8E0-9173-4C2A-8629-C3A8512286C5}.Debug|Any CPU.Build.0 = Debug|Any CPU
		{CA98A8E0-9173-4C2A-8629-C3A8512286C5}.Release|Any CPU.ActiveCfg = Release|Any CPU
		{CA98A8E0-9173-4C2A-8629-C3A8512286C5}.Release|Any CPU.Build.0 = Release|Any CPU
		{0BA5AC6B-E29A-4579-B269-37011B8B06FD}.Debug|Any CPU.ActiveCfg = Debug|Any CPU
		{0BA5AC6B-E29A-4579-B269-37011B8B06FD}.Debug|Any CPU.Build.0 = Debug|Any CPU
		{0BA5AC6B-E29A-4579-B269-37011B8B06FD}.Release|Any CPU.ActiveCfg = Release|Any CPU
		{0BA5AC6B-E29A-4579-B269-37011B8B06FD}.Release|Any CPU.Build.0 = Release|Any CPU
	EndGlobalSection
	GlobalSection(SolutionProperties) = preSolution
		HideSolutionNode = FALSE
	EndGlobalSection
	GlobalSection(ExtensibilityGlobals) = postSolution
		SolutionGuid = {BB864F2D-F90C-4103-A3F9-C5CEE6508A7B}
	EndGlobalSection
EndGlobal
