
Microsoft Visual Studio Solution File, Format Version 12.00
# Visual Studio Version 16
VisualStudioVersion = 16.0.29709.97
MinimumVisualStudioVersion = 10.0.40219.1
Project("{FAE04EC0-301F-11D3-BF4B-00C04F79EFBC}") = "isPrime", "isPrime\isPrime.csproj", "{DC327739-BCC2-490D-A0F1-DF08A658E0DB}"
EndProject
Global
	GlobalSection(SolutionConfigurationPlatforms) = preSolution
		Debug|Any CPU = Debug|Any CPU
		Release|Any CPU = Release|Any CPU
	EndGlobalSection
	GlobalSection(ProjectConfigurationPlatforms) = postSolution
		{DC327739-BCC2-490D-A0F1-DF08A658E0DB}.Debug|Any CPU.ActiveCfg = Debug|Any CPU
		{DC327739-BCC2-490D-A0F1-DF08A658E0DB}.Debug|Any CPU.Build.0 = Debug|Any CPU
		{DC327739-BCC2-490D-A0F1-DF08A658E0DB}.Release|Any CPU.ActiveCfg = Release|Any CPU
		{DC327739-BCC2-490D-A0F1-DF08A658E0DB}.Release|Any CPU.Build.0 = Release|Any CPU
	EndGlobalSection
	GlobalSection(SolutionProperties) = preSolution
		HideSolutionNode = FALSE
	EndGlobalSection
	GlobalSection(ExtensibilityGlobals) = postSolution
		SolutionGuid = {802BA823-DF43-473F-AF07-431D32F5955C}
	EndGlobalSection
EndGlobal
